{
  "pins" : [
    {
      "identity" : "componentkit",
      "kind" : "remoteSourceControl",
      "location" : "https://github.com/VibesHQ/ComponentKit",
      "state" : {
        "branch" : "main",
        "revision" : "b619bb55d26b710f19eae306bc30d7f3b23e693a"
      }
    },
    {
      "identity" : "flagkit",
      "kind" : "remoteSourceControl",
      "location" : "https://github.com/madebybowtie/FlagKit",
      "state" : {
        "revision" : "f12111d91902d23fd1d9cc7ad9198030b049795d",
        "version" : "2.4.0"
      }
    },
    {
      "identity" : "formatkit",
      "kind" : "remoteSourceControl",
      "location" : "https://github.com/VibesHQ/FormatKit",
      "state" : {
        "branch" : "main",
        "revision" : "8b520c6dd262ac33c4092236544300ba2221712e"
      }
    },
    {
      "identity" : "kingfisher",
      "kind" : "remoteSourceControl",
      "location" : "https://github.com/onevcat/Kingfisher.git",
      "state" : {
        "revision" : "022e4eeb79f817748544b318b991d9a70036bbf8",
        "version" : "7.2.4"
      }
    },
    {
      "identity" : "popupkit",
      "kind" : "remoteSourceControl",
      "location" : "https://github.com/VibesHQ/PopupKit",
      "state" : {
        "branch" : "main",
        "revision" : "490797119749edf47253946bb78331610d82d4e8"
      }
    },
    {
      "identity" : "previewkit",
      "kind" : "remoteSourceControl",
      "location" : "https://github.com/VibesHQ/PreviewKit",
      "state" : {
        "branch" : "main",
        "revision" : "925d5f74a8333d9f8889d70fc8f54412623511b3"
      }
    },
    {
      "identity" : "rxswift",
      "kind" : "remoteSourceControl",
      "location" : "https://github.com/ReactiveX/RxSwift.git",
      "state" : {
        "revision" : "b4307ba0b6425c0ba4178e138799946c3da594f8",
        "version" : "6.5.0"
      }
    },
    {
      "identity" : "skeletonview",
      "kind" : "remoteSourceControl",
      "location" : "https://github.com/Juanpe/SkeletonView",
      "state" : {
        "branch" : "main",
        "revision" : "00394e0b9f1626680b817f3d24daba68adbe378d"
      }
    },
    {
      "identity" : "swiftextensions",
      "kind" : "remoteSourceControl",
      "location" : "https://github.com/VibesHQ/SwiftExtensions",
      "state" : {
        "branch" : "main",
        "revision" : "cb52149c9d3753faa8a58c775ee3ab76c9877b3b"
      }
    }
  ],
  "version" : 2
}
