{
  "pins" : [
    {
      "identity" : "alamofire",
      "kind" : "remoteSourceControl",
      "location" : "https://github.com/Alamofire/Alamofire.git",
      "state" : {
        "revision" : "354dda32d89fc8cd4f5c46487f64957d355f53d8",
        "version" : "5.6.1"
      }
    },
    {
      "identity" : "componentkit",
      "kind" : "remoteSourceControl",
      "location" : "https://github.com/VibesHQ/ComponentKit",
      "state" : {
        "branch" : "main",
        "revision" : "d2ff7a9926a157ad1270eb66febb10d218af2ec1"
      }
    },
    {
      "identity" : "formatkit",
      "kind" : "remoteSourceControl",
      "location" : "https://github.com/VibesHQ/FormatKit",
      "state" : {
        "branch" : "main",
        "revision" : "8b520c6dd262ac33c4092236544300ba2221712e"
      }
    },
    {
      "identity" : "iglistkit",
      "kind" : "remoteSourceControl",
      "location" : "https://github.com/canbalkaya/IGListKit",
      "state" : {
        "branch" : "main",
        "revision" : "95a92c5beddb75342e76c8906a480f7f6bfafe79"
      }
    },
    {
      "identity" : "kingfisher",
      "kind" : "remoteSourceControl",
      "location" : "https://github.com/onevcat/Kingfisher.git",
      "state" : {
        "revision" : "2235a22ca249199cb736237f4bb9cc12b6ed416a",
        "version" : "7.3.0"
      }
    },
    {
      "identity" : "model",
      "kind" : "remoteSourceControl",
      "location" : "https://github.com/VibesHQ/Model",
      "state" : {
        "branch" : "main",
        "revision" : "c4413f2b9bb7dbd2ade40262ecef1bad7070901b"
      }
    },
    {
      "identity" : "popupkit",
      "kind" : "remoteSourceControl",
      "location" : "https://github.com/VibesHQ/PopupKit",
      "state" : {
        "branch" : "main",
        "revision" : "490797119749edf47253946bb78331610d82d4e8"
      }
    },
    {
      "identity" : "previewkit",
      "kind" : "remoteSourceControl",
      "location" : "https://github.com/VibesHQ/PreviewKit",
      "state" : {
        "branch" : "main",
        "revision" : "925d5f74a8333d9f8889d70fc8f54412623511b3"
      }
    },
    {
      "identity" : "rxswift",
      "kind" : "remoteSourceControl",
      "location" : "https://github.com/ReactiveX/RxSwift.git",
      "state" : {
        "revision" : "b4307ba0b6425c0ba4178e138799946c3da594f8",
        "version" : "6.5.0"
      }
    },
    {
      "identity" : "skeletonview",
      "kind" : "remoteSourceControl",
      "location" : "https://github.com/Juanpe/SkeletonView",
      "state" : {
        "branch" : "main",
        "revision" : "00394e0b9f1626680b817f3d24daba68adbe378d"
      }
    }
  ],
  "version" : 2
}
