{
  "pins" : [
    {
      "identity" : "popupkit",
      "kind" : "remoteSourceControl",
      "location" : "https://github.com/VibesHQ/PopupKit",
      "state" : {
        "branch" : "main",
        "revision" : "490797119749edf47253946bb78331610d82d4e8"
      }
    },
    {
      "identity" : "rxswift",
      "kind" : "remoteSourceControl",
      "location" : "https://github.com/ReactiveX/RxSwift.git",
      "state" : {
        "revision" : "b4307ba0b6425c0ba4178e138799946c3da594f8",
        "version" : "6.5.0"
      }
    }
  ],
  "version" : 2
}
